<?xml version="1.0" encoding="UTF-8" standalone="yes" ?>
<CodeBlocks_project_file>
	<FileVersion major="1" minor="6" />
	<Project>
		<Option title="shifr2_lib" />
		<Option pch_mode="2" />
		<Option compiler="gcc" />
		<Build>
			<Target title="Debug">
				<Option output="../../obj/Debug/shifr2_lib" prefix_auto="1" extension_auto="1" />
				<Option working_dir="" />
				<Option object_output="../../obj/Debug/shifr2_lib/" />
				<Option type="2" />
				<Option compiler="gcc" />
				<Option createDefFile="1" />
				<Compiler>
					<Add option="-Wall" />
					<Add option="-g" />
				</Compiler>
			</Target>
			<Target title="Release">
				<Option output="../../obj/Release/shifr2_lib" prefix_auto="1" extension_auto="1" />
				<Option working_dir="" />
				<Option object_output="../../obj/Release/shifr2_lib/" />
				<Option type="2" />
				<Option compiler="gcc" />
				<Option createDefFile="1" />
				<Compiler>
					<Add option="-Wall" />
					<Add option="-O2" />
				</Compiler>
				<Linker>
					<Add option="-s" />
				</Linker>
			</Target>
		</Build>
		<Unit filename="shifr2_module.cpp">
			<Option compilerVar="CC" />
		</Unit>
		<Unit filename="shifr2_module.h" />
		<Extensions />
	</Project>
</CodeBlocks_project_file>
